
Microsoft Visual Studio Solution File, Format Version 12.00
# Visual Studio Version 17
VisualStudioVersion = 17.4.33103.184
MinimumVisualStudioVersion = 10.0.40219.1
Project("{FAE04EC0-301F-11D3-BF4B-00C04F79EFBC}") = "Project.Models", "Project.Models\Project.Models.csproj", "{8C895DB9-A48E-4731-9320-1FB6BE796670}"
EndProject
Project("{FAE04EC0-301F-11D3-BF4B-00C04F79EFBC}") = "Project.DAL", "Project.DAL\Project.DAL.csproj", "{CBAE557D-8AB2-4ABF-B516-0D6111EC7B6C}"
EndProject
Project("{FAE04EC0-301F-11D3-BF4B-00C04F79EFBC}") = "Project.BLL", "Project.BLL\Project.BLL.csproj", "{BCB3414C-9E8A-4174-98F2-A7763C8273E6}"
EndProject
Project("{FAE04EC0-301F-11D3-BF4B-00C04F79EFBC}") = "Project.View", "Project.View\Project.View.csproj", "{376806CA-765D-45CD-B63D-EF82EAFDD973}"
EndProject
Global
	GlobalSection(SolutionConfigurationPlatforms) = preSolution
		Debug|Any CPU = Debug|Any CPU
		Release|Any CPU = Release|Any CPU
	EndGlobalSection
	GlobalSection(ProjectConfigurationPlatforms) = postSolution
		{8C895DB9-A48E-4731-9320-1FB6BE796670}.Debug|Any CPU.ActiveCfg = Debug|Any CPU
		{8C895DB9-A48E-4731-9320-1FB6BE796670}.Debug|Any CPU.Build.0 = Debug|Any CPU
		{8C895DB9-A48E-4731-9320-1FB6BE796670}.Release|Any CPU.ActiveCfg = Release|Any CPU
		{8C895DB9-A48E-4731-9320-1FB6BE796670}.Release|Any CPU.Build.0 = Release|Any CPU
		{CBAE557D-8AB2-4ABF-B516-0D6111EC7B6C}.Debug|Any CPU.ActiveCfg = Debug|Any CPU
		{CBAE557D-8AB2-4ABF-B516-0D6111EC7B6C}.Debug|Any CPU.Build.0 = Debug|Any CPU
		{CBAE557D-8AB2-4ABF-B516-0D6111EC7B6C}.Release|Any CPU.ActiveCfg = Release|Any CPU
		{CBAE557D-8AB2-4ABF-B516-0D6111EC7B6C}.Release|Any CPU.Build.0 = Release|Any CPU
		{BCB3414C-9E8A-4174-98F2-A7763C8273E6}.Debug|Any CPU.ActiveCfg = Debug|Any CPU
		{BCB3414C-9E8A-4174-98F2-A7763C8273E6}.Debug|Any CPU.Build.0 = Debug|Any CPU
		{BCB3414C-9E8A-4174-98F2-A7763C8273E6}.Release|Any CPU.ActiveCfg = Release|Any CPU
		{BCB3414C-9E8A-4174-98F2-A7763C8273E6}.Release|Any CPU.Build.0 = Release|Any CPU
		{376806CA-765D-45CD-B63D-EF82EAFDD973}.Debug|Any CPU.ActiveCfg = Debug|Any CPU
		{376806CA-765D-45CD-B63D-EF82EAFDD973}.Debug|Any CPU.Build.0 = Debug|Any CPU
		{376806CA-765D-45CD-B63D-EF82EAFDD973}.Release|Any CPU.ActiveCfg = Release|Any CPU
		{376806CA-765D-45CD-B63D-EF82EAFDD973}.Release|Any CPU.Build.0 = Release|Any CPU
	EndGlobalSection
	GlobalSection(SolutionProperties) = preSolution
		HideSolutionNode = FALSE
	EndGlobalSection
	GlobalSection(ExtensibilityGlobals) = postSolution
		SolutionGuid = {49D21F45-6046-4D2D-A6D9-FFAB3703069B}
	EndGlobalSection
EndGlobal
